
Microsoft Visual Studio Solution File, Format Version 12.00
# Visual Studio 15
VisualStudioVersion = 15.0.27130.2003
MinimumVisualStudioVersion = 10.0.40219.1
Project("{8BC9CEB8-8B4A-11D0-8D11-00A0C91BC942}") = "drawDemo0", "drawDemo0.vcxproj", "{9ECD4761-5E05-48F4-B1E2-49174BFFB530}"
EndProject
Global
	GlobalSection(SolutionConfigurationPlatforms) = preSolution
		Debug|x64 = Debug|x64
		Debug|x86 = Debug|x86
		Release|x64 = Release|x64
		Release|x86 = Release|x86
	EndGlobalSection
	GlobalSection(ProjectConfigurationPlatforms) = postSolution
		{9ECD4761-5E05-48F4-B1E2-49174BFFB530}.Debug|x64.ActiveCfg = Debug|x64
		{9ECD4761-5E05-48F4-B1E2-49174BFFB530}.Debug|x64.Build.0 = Debug|x64
		{9ECD4761-5E05-48F4-B1E2-49174BFFB530}.Debug|x86.ActiveCfg = Debug|Win32
		{9ECD4761-5E05-48F4-B1E2-49174BFFB530}.Debug|x86.Build.0 = Debug|Win32
		{9ECD4761-5E05-48F4-B1E2-49174BFFB530}.Release|x64.ActiveCfg = Release|x64
		{9ECD4761-5E05-48F4-B1E2-49174BFFB530}.Release|x64.Build.0 = Release|x64
		{9ECD4761-5E05-48F4-B1E2-49174BFFB530}.Release|x86.ActiveCfg = Release|Win32
		{9ECD4761-5E05-48F4-B1E2-49174BFFB530}.Release|x86.Build.0 = Release|Win32
	EndGlobalSection
	GlobalSection(SolutionProperties) = preSolution
		HideSolutionNode = FALSE
	EndGlobalSection
	GlobalSection(ExtensibilityGlobals) = postSolution
		SolutionGuid = {62A72B1D-F640-444E-9A5C-7578DC55437D}
	EndGlobalSection
EndGlobal
